[root]
name = "transaction"
version = "0.1.0"
dependencies = [
 "account 0.1.0",
 "itc 0.1.2 (registry+https://github.com/rust-lang/crates.io-index)",
]

[[package]]
name = "account"
version = "0.1.0"

[[package]]
name = "itc"
version = "0.1.2"
source = "registry+https://github.com/rust-lang/crates.io-index"

[metadata]
"checksum itc 0.1.2 (registry+https://github.com/rust-lang/crates.io-index)" = "02c47a96f68d68d75f2d7472b50b86a2df791a0d51d14e46756944ce6a4e0bcb"
